
Microsoft Visual Studio Solution File, Format Version 12.00
# Visual Studio Version 16
VisualStudioVersion = 16.0.31019.35
MinimumVisualStudioVersion = 10.0.40219.1
Project("{FAE04EC0-301F-11D3-BF4B-00C04F79EFBC}") = "Menor-de-18-Nao-Entra", "Menor-de-18-Nao-Entra.csproj", "{898F481E-FB35-43AB-A984-69D36F14C239}"
EndProject
Global
	GlobalSection(SolutionConfigurationPlatforms) = preSolution
		Debug|Any CPU = Debug|Any CPU
		Release|Any CPU = Release|Any CPU
	EndGlobalSection
	GlobalSection(ProjectConfigurationPlatforms) = postSolution
		{898F481E-FB35-43AB-A984-69D36F14C239}.Debug|Any CPU.ActiveCfg = Debug|Any CPU
		{898F481E-FB35-43AB-A984-69D36F14C239}.Debug|Any CPU.Build.0 = Debug|Any CPU
		{898F481E-FB35-43AB-A984-69D36F14C239}.Release|Any CPU.ActiveCfg = Release|Any CPU
		{898F481E-FB35-43AB-A984-69D36F14C239}.Release|Any CPU.Build.0 = Release|Any CPU
	EndGlobalSection
	GlobalSection(SolutionProperties) = preSolution
		HideSolutionNode = FALSE
	EndGlobalSection
	GlobalSection(ExtensibilityGlobals) = postSolution
		SolutionGuid = {A362E08D-87A9-4F32-AB14-633325A7CE4F}
	EndGlobalSection
EndGlobal
